
Microsoft Visual Studio Solution File, Format Version 12.00
# Visual Studio Version 16
VisualStudioVersion = 16.0.30104.148
MinimumVisualStudioVersion = 15.0.26124.0
Project("{9A19103F-16F7-4668-BE54-9A1E7A4F7556}") = "IMMRequest.DataAccess.Test", "IMMRequest.DataAccess.Test\IMMRequest.DataAccess.Test.csproj", "{DE91D1E0-61FF-4D94-8339-3C65C60E5FDC}"
EndProject
Project("{9A19103F-16F7-4668-BE54-9A1E7A4F7556}") = "IMMRequest.DataAccess", "IMMRequest.DataAccess\IMMRequest.DataAccess.csproj", "{C8002C14-71D4-4CB5-90A3-34FD8E35B161}"
EndProject
Project("{9A19103F-16F7-4668-BE54-9A1E7A4F7556}") = "IMMRequest.Entities", "IMMRequest.Entities\IMMRequest.Entities.csproj", "{32CD3470-24A1-4449-8061-BC92FE22CB61}"
EndProject
Project("{9A19103F-16F7-4668-BE54-9A1E7A4F7556}") = "IMMRequest.BusinessLogic.Test", "IMMRequest.BusinessLogic.Test\IMMRequest.BusinessLogic.Test.csproj", "{9FF3E5FC-5CCA-4B70-9184-E16E11BA8DA7}"
EndProject
Project("{9A19103F-16F7-4668-BE54-9A1E7A4F7556}") = "IMMRequest.BusinessLogic", "IMMRequest.BusinessLogic\IMMRequest.BusinessLogic.csproj", "{87CCFBF6-28FC-4D62-9D41-2F5E941D6FF8}"
EndProject
Project("{9A19103F-16F7-4668-BE54-9A1E7A4F7556}") = "IMMRequest.WebApi.Test", "IMMRequest.WebApi.Test\IMMRequest.WebApi.Test.csproj", "{3883F851-464C-4588-B221-878222874322}"
EndProject
Project("{9A19103F-16F7-4668-BE54-9A1E7A4F7556}") = "IMMRequest.WebApi", "IMMRequest.WebApi\IMMRequest.WebApi.csproj", "{E5C937E8-DA52-4715-AC86-D4426BA39C5F}"
EndProject
Project("{9A19103F-16F7-4668-BE54-9A1E7A4F7556}") = "IMMRequest.JsonDataImporter.Test", "IMMRequest.JsonDataImporter.Test\IMMRequest.JsonDataImporter.Test.csproj", "{EAA5C1C0-8276-4A7E-AC9A-AABEF2E71512}"
EndProject
Project("{9A19103F-16F7-4668-BE54-9A1E7A4F7556}") = "IMMRequest.IDataImporter", "IMMRequest.IDataImporter\IMMRequest.IDataImporter.csproj", "{E237AD98-9B72-4BE0-B288-F42B788ADF31}"
EndProject
Project("{9A19103F-16F7-4668-BE54-9A1E7A4F7556}") = "IMMRequest.JsonDataImporter", "IMMRequest.JsonDataImporter\IMMRequest.JsonDataImporter.csproj", "{93A9F44B-E20B-4676-8502-3632BF255D01}"
EndProject
Project("{9A19103F-16F7-4668-BE54-9A1E7A4F7556}") = "IMMRequest.XmlDataImporter.Test", "IMMRequest.XmlDataImporter.Test\IMMRequest.XmlDataImporter.Test.csproj", "{9852E540-35C6-406A-A51A-728ECAF5B544}"
EndProject
Project("{9A19103F-16F7-4668-BE54-9A1E7A4F7556}") = "IMMRequest.XmlDataImporter", "IMMRequest.XmlDataImporter\IMMRequest.XmlDataImporter.csproj", "{B76DB0F5-1C90-47A9-9958-A18ABD5809F2}"
EndProject
Global
	GlobalSection(SolutionConfigurationPlatforms) = preSolution
		Debug|Any CPU = Debug|Any CPU
		Debug|x64 = Debug|x64
		Debug|x86 = Debug|x86
		Release|Any CPU = Release|Any CPU
		Release|x64 = Release|x64
		Release|x86 = Release|x86
	EndGlobalSection
	GlobalSection(ProjectConfigurationPlatforms) = postSolution
		{DE91D1E0-61FF-4D94-8339-3C65C60E5FDC}.Debug|Any CPU.ActiveCfg = Debug|Any CPU
		{DE91D1E0-61FF-4D94-8339-3C65C60E5FDC}.Debug|Any CPU.Build.0 = Debug|Any CPU
		{DE91D1E0-61FF-4D94-8339-3C65C60E5FDC}.Debug|x64.ActiveCfg = Debug|Any CPU
		{DE91D1E0-61FF-4D94-8339-3C65C60E5FDC}.Debug|x64.Build.0 = Debug|Any CPU
		{DE91D1E0-61FF-4D94-8339-3C65C60E5FDC}.Debug|x86.ActiveCfg = Debug|Any CPU
		{DE91D1E0-61FF-4D94-8339-3C65C60E5FDC}.Debug|x86.Build.0 = Debug|Any CPU
		{DE91D1E0-61FF-4D94-8339-3C65C60E5FDC}.Release|Any CPU.ActiveCfg = Release|Any CPU
		{DE91D1E0-61FF-4D94-8339-3C65C60E5FDC}.Release|Any CPU.Build.0 = Release|Any CPU
		{DE91D1E0-61FF-4D94-8339-3C65C60E5FDC}.Release|x64.ActiveCfg = Release|Any CPU
		{DE91D1E0-61FF-4D94-8339-3C65C60E5FDC}.Release|x64.Build.0 = Release|Any CPU
		{DE91D1E0-61FF-4D94-8339-3C65C60E5FDC}.Release|x86.ActiveCfg = Release|Any CPU
		{DE91D1E0-61FF-4D94-8339-3C65C60E5FDC}.Release|x86.Build.0 = Release|Any CPU
		{C8002C14-71D4-4CB5-90A3-34FD8E35B161}.Debug|Any CPU.ActiveCfg = Debug|Any CPU
		{C8002C14-71D4-4CB5-90A3-34FD8E35B161}.Debug|Any CPU.Build.0 = Debug|Any CPU
		{C8002C14-71D4-4CB5-90A3-34FD8E35B161}.Debug|x64.ActiveCfg = Debug|Any CPU
		{C8002C14-71D4-4CB5-90A3-34FD8E35B161}.Debug|x64.Build.0 = Debug|Any CPU
		{C8002C14-71D4-4CB5-90A3-34FD8E35B161}.Debug|x86.ActiveCfg = Debug|Any CPU
		{C8002C14-71D4-4CB5-90A3-34FD8E35B161}.Debug|x86.Build.0 = Debug|Any CPU
		{C8002C14-71D4-4CB5-90A3-34FD8E35B161}.Release|Any CPU.ActiveCfg = Release|Any CPU
		{C8002C14-71D4-4CB5-90A3-34FD8E35B161}.Release|Any CPU.Build.0 = Release|Any CPU
		{C8002C14-71D4-4CB5-90A3-34FD8E35B161}.Release|x64.ActiveCfg = Release|Any CPU
		{C8002C14-71D4-4CB5-90A3-34FD8E35B161}.Release|x64.Build.0 = Release|Any CPU
		{C8002C14-71D4-4CB5-90A3-34FD8E35B161}.Release|x86.ActiveCfg = Release|Any CPU
		{C8002C14-71D4-4CB5-90A3-34FD8E35B161}.Release|x86.Build.0 = Release|Any CPU
		{32CD3470-24A1-4449-8061-BC92FE22CB61}.Debug|Any CPU.ActiveCfg = Debug|Any CPU
		{32CD3470-24A1-4449-8061-BC92FE22CB61}.Debug|Any CPU.Build.0 = Debug|Any CPU
		{32CD3470-24A1-4449-8061-BC92FE22CB61}.Debug|x64.ActiveCfg = Debug|Any CPU
		{32CD3470-24A1-4449-8061-BC92FE22CB61}.Debug|x64.Build.0 = Debug|Any CPU
		{32CD3470-24A1-4449-8061-BC92FE22CB61}.Debug|x86.ActiveCfg = Debug|Any CPU
		{32CD3470-24A1-4449-8061-BC92FE22CB61}.Debug|x86.Build.0 = Debug|Any CPU
		{32CD3470-24A1-4449-8061-BC92FE22CB61}.Release|Any CPU.ActiveCfg = Release|Any CPU
		{32CD3470-24A1-4449-8061-BC92FE22CB61}.Release|Any CPU.Build.0 = Release|Any CPU
		{32CD3470-24A1-4449-8061-BC92FE22CB61}.Release|x64.ActiveCfg = Release|Any CPU
		{32CD3470-24A1-4449-8061-BC92FE22CB61}.Release|x64.Build.0 = Release|Any CPU
		{32CD3470-24A1-4449-8061-BC92FE22CB61}.Release|x86.ActiveCfg = Release|Any CPU
		{32CD3470-24A1-4449-8061-BC92FE22CB61}.Release|x86.Build.0 = Release|Any CPU
		{9FF3E5FC-5CCA-4B70-9184-E16E11BA8DA7}.Debug|Any CPU.ActiveCfg = Debug|Any CPU
		{9FF3E5FC-5CCA-4B70-9184-E16E11BA8DA7}.Debug|Any CPU.Build.0 = Debug|Any CPU
		{9FF3E5FC-5CCA-4B70-9184-E16E11BA8DA7}.Debug|x64.ActiveCfg = Debug|Any CPU
		{9FF3E5FC-5CCA-4B70-9184-E16E11BA8DA7}.Debug|x64.Build.0 = Debug|Any CPU
		{9FF3E5FC-5CCA-4B70-9184-E16E11BA8DA7}.Debug|x86.ActiveCfg = Debug|Any CPU
		{9FF3E5FC-5CCA-4B70-9184-E16E11BA8DA7}.Debug|x86.Build.0 = Debug|Any CPU
		{9FF3E5FC-5CCA-4B70-9184-E16E11BA8DA7}.Release|Any CPU.ActiveCfg = Release|Any CPU
		{9FF3E5FC-5CCA-4B70-9184-E16E11BA8DA7}.Release|Any CPU.Build.0 = Release|Any CPU
		{9FF3E5FC-5CCA-4B70-9184-E16E11BA8DA7}.Release|x64.ActiveCfg = Release|Any CPU
		{9FF3E5FC-5CCA-4B70-9184-E16E11BA8DA7}.Release|x64.Build.0 = Release|Any CPU
		{9FF3E5FC-5CCA-4B70-9184-E16E11BA8DA7}.Release|x86.ActiveCfg = Release|Any CPU
		{9FF3E5FC-5CCA-4B70-9184-E16E11BA8DA7}.Release|x86.Build.0 = Release|Any CPU
		{87CCFBF6-28FC-4D62-9D41-2F5E941D6FF8}.Debug|Any CPU.ActiveCfg = Debug|Any CPU
		{87CCFBF6-28FC-4D62-9D41-2F5E941D6FF8}.Debug|Any CPU.Build.0 = Debug|Any CPU
		{87CCFBF6-28FC-4D62-9D41-2F5E941D6FF8}.Debug|x64.ActiveCfg = Debug|Any CPU
		{87CCFBF6-28FC-4D62-9D41-2F5E941D6FF8}.Debug|x64.Build.0 = Debug|Any CPU
		{87CCFBF6-28FC-4D62-9D41-2F5E941D6FF8}.Debug|x86.ActiveCfg = Debug|Any CPU
		{87CCFBF6-28FC-4D62-9D41-2F5E941D6FF8}.Debug|x86.Build.0 = Debug|Any CPU
		{87CCFBF6-28FC-4D62-9D41-2F5E941D6FF8}.Release|Any CPU.ActiveCfg = Release|Any CPU
		{87CCFBF6-28FC-4D62-9D41-2F5E941D6FF8}.Release|Any CPU.Build.0 = Release|Any CPU
		{87CCFBF6-28FC-4D62-9D41-2F5E941D6FF8}.Release|x64.ActiveCfg = Release|Any CPU
		{87CCFBF6-28FC-4D62-9D41-2F5E941D6FF8}.Release|x64.Build.0 = Release|Any CPU
		{87CCFBF6-28FC-4D62-9D41-2F5E941D6FF8}.Release|x86.ActiveCfg = Release|Any CPU
		{87CCFBF6-28FC-4D62-9D41-2F5E941D6FF8}.Release|x86.Build.0 = Release|Any CPU
		{3883F851-464C-4588-B221-878222874322}.Debug|Any CPU.ActiveCfg = Debug|Any CPU
		{3883F851-464C-4588-B221-878222874322}.Debug|Any CPU.Build.0 = Debug|Any CPU
		{3883F851-464C-4588-B221-878222874322}.Debug|x64.ActiveCfg = Debug|Any CPU
		{3883F851-464C-4588-B221-878222874322}.Debug|x64.Build.0 = Debug|Any CPU
		{3883F851-464C-4588-B221-878222874322}.Debug|x86.ActiveCfg = Debug|Any CPU
		{3883F851-464C-4588-B221-878222874322}.Debug|x86.Build.0 = Debug|Any CPU
		{3883F851-464C-4588-B221-878222874322}.Release|Any CPU.ActiveCfg = Release|Any CPU
		{3883F851-464C-4588-B221-878222874322}.Release|Any CPU.Build.0 = Release|Any CPU
		{3883F851-464C-4588-B221-878222874322}.Release|x64.ActiveCfg = Release|Any CPU
		{3883F851-464C-4588-B221-878222874322}.Release|x64.Build.0 = Release|Any CPU
		{3883F851-464C-4588-B221-878222874322}.Release|x86.ActiveCfg = Release|Any CPU
		{3883F851-464C-4588-B221-878222874322}.Release|x86.Build.0 = Release|Any CPU
		{E5C937E8-DA52-4715-AC86-D4426BA39C5F}.Debug|Any CPU.ActiveCfg = Debug|Any CPU
		{E5C937E8-DA52-4715-AC86-D4426BA39C5F}.Debug|Any CPU.Build.0 = Debug|Any CPU
		{E5C937E8-DA52-4715-AC86-D4426BA39C5F}.Debug|x64.ActiveCfg = Debug|Any CPU
		{E5C937E8-DA52-4715-AC86-D4426BA39C5F}.Debug|x64.Build.0 = Debug|Any CPU
		{E5C937E8-DA52-4715-AC86-D4426BA39C5F}.Debug|x86.ActiveCfg = Debug|Any CPU
		{E5C937E8-DA52-4715-AC86-D4426BA39C5F}.Debug|x86.Build.0 = Debug|Any CPU
		{E5C937E8-DA52-4715-AC86-D4426BA39C5F}.Release|Any CPU.ActiveCfg = Release|Any CPU
		{E5C937E8-DA52-4715-AC86-D4426BA39C5F}.Release|Any CPU.Build.0 = Release|Any CPU
		{E5C937E8-DA52-4715-AC86-D4426BA39C5F}.Release|x64.ActiveCfg = Release|Any CPU
		{E5C937E8-DA52-4715-AC86-D4426BA39C5F}.Release|x64.Build.0 = Release|Any CPU
		{E5C937E8-DA52-4715-AC86-D4426BA39C5F}.Release|x86.ActiveCfg = Release|Any CPU
		{E5C937E8-DA52-4715-AC86-D4426BA39C5F}.Release|x86.Build.0 = Release|Any CPU
		{EAA5C1C0-8276-4A7E-AC9A-AABEF2E71512}.Debug|Any CPU.ActiveCfg = Debug|Any CPU
		{EAA5C1C0-8276-4A7E-AC9A-AABEF2E71512}.Debug|Any CPU.Build.0 = Debug|Any CPU
		{EAA5C1C0-8276-4A7E-AC9A-AABEF2E71512}.Debug|x64.ActiveCfg = Debug|Any CPU
		{EAA5C1C0-8276-4A7E-AC9A-AABEF2E71512}.Debug|x64.Build.0 = Debug|Any CPU
		{EAA5C1C0-8276-4A7E-AC9A-AABEF2E71512}.Debug|x86.ActiveCfg = Debug|Any CPU
		{EAA5C1C0-8276-4A7E-AC9A-AABEF2E71512}.Debug|x86.Build.0 = Debug|Any CPU
		{EAA5C1C0-8276-4A7E-AC9A-AABEF2E71512}.Release|Any CPU.ActiveCfg = Release|Any CPU
		{EAA5C1C0-8276-4A7E-AC9A-AABEF2E71512}.Release|Any CPU.Build.0 = Release|Any CPU
		{EAA5C1C0-8276-4A7E-AC9A-AABEF2E71512}.Release|x64.ActiveCfg = Release|Any CPU
		{EAA5C1C0-8276-4A7E-AC9A-AABEF2E71512}.Release|x64.Build.0 = Release|Any CPU
		{EAA5C1C0-8276-4A7E-AC9A-AABEF2E71512}.Release|x86.ActiveCfg = Release|Any CPU
		{EAA5C1C0-8276-4A7E-AC9A-AABEF2E71512}.Release|x86.Build.0 = Release|Any CPU
		{E237AD98-9B72-4BE0-B288-F42B788ADF31}.Debug|Any CPU.ActiveCfg = Debug|Any CPU
		{E237AD98-9B72-4BE0-B288-F42B788ADF31}.Debug|Any CPU.Build.0 = Debug|Any CPU
		{E237AD98-9B72-4BE0-B288-F42B788ADF31}.Debug|x64.ActiveCfg = Debug|Any CPU
		{E237AD98-9B72-4BE0-B288-F42B788ADF31}.Debug|x64.Build.0 = Debug|Any CPU
		{E237AD98-9B72-4BE0-B288-F42B788ADF31}.Debug|x86.ActiveCfg = Debug|Any CPU
		{E237AD98-9B72-4BE0-B288-F42B788ADF31}.Debug|x86.Build.0 = Debug|Any CPU
		{E237AD98-9B72-4BE0-B288-F42B788ADF31}.Release|Any CPU.ActiveCfg = Release|Any CPU
		{E237AD98-9B72-4BE0-B288-F42B788ADF31}.Release|Any CPU.Build.0 = Release|Any CPU
		{E237AD98-9B72-4BE0-B288-F42B788ADF31}.Release|x64.ActiveCfg = Release|Any CPU
		{E237AD98-9B72-4BE0-B288-F42B788ADF31}.Release|x64.Build.0 = Release|Any CPU
		{E237AD98-9B72-4BE0-B288-F42B788ADF31}.Release|x86.ActiveCfg = Release|Any CPU
		{E237AD98-9B72-4BE0-B288-F42B788ADF31}.Release|x86.Build.0 = Release|Any CPU
		{93A9F44B-E20B-4676-8502-3632BF255D01}.Debug|Any CPU.ActiveCfg = Debug|Any CPU
		{93A9F44B-E20B-4676-8502-3632BF255D01}.Debug|Any CPU.Build.0 = Debug|Any CPU
		{93A9F44B-E20B-4676-8502-3632BF255D01}.Debug|x64.ActiveCfg = Debug|Any CPU
		{93A9F44B-E20B-4676-8502-3632BF255D01}.Debug|x64.Build.0 = Debug|Any CPU
		{93A9F44B-E20B-4676-8502-3632BF255D01}.Debug|x86.ActiveCfg = Debug|Any CPU
		{93A9F44B-E20B-4676-8502-3632BF255D01}.Debug|x86.Build.0 = Debug|Any CPU
		{93A9F44B-E20B-4676-8502-3632BF255D01}.Release|Any CPU.ActiveCfg = Release|Any CPU
		{93A9F44B-E20B-4676-8502-3632BF255D01}.Release|Any CPU.Build.0 = Release|Any CPU
		{93A9F44B-E20B-4676-8502-3632BF255D01}.Release|x64.ActiveCfg = Release|Any CPU
		{93A9F44B-E20B-4676-8502-3632BF255D01}.Release|x64.Build.0 = Release|Any CPU
		{93A9F44B-E20B-4676-8502-3632BF255D01}.Release|x86.ActiveCfg = Release|Any CPU
		{93A9F44B-E20B-4676-8502-3632BF255D01}.Release|x86.Build.0 = Release|Any CPU
		{9852E540-35C6-406A-A51A-728ECAF5B544}.Debug|Any CPU.ActiveCfg = Debug|Any CPU
		{9852E540-35C6-406A-A51A-728ECAF5B544}.Debug|Any CPU.Build.0 = Debug|Any CPU
		{9852E540-35C6-406A-A51A-728ECAF5B544}.Debug|x64.ActiveCfg = Debug|Any CPU
		{9852E540-35C6-406A-A51A-728ECAF5B544}.Debug|x64.Build.0 = Debug|Any CPU
		{9852E540-35C6-406A-A51A-728ECAF5B544}.Debug|x86.ActiveCfg = Debug|Any CPU
		{9852E540-35C6-406A-A51A-728ECAF5B544}.Debug|x86.Build.0 = Debug|Any CPU
		{9852E540-35C6-406A-A51A-728ECAF5B544}.Release|Any CPU.ActiveCfg = Release|Any CPU
		{9852E540-35C6-406A-A51A-728ECAF5B544}.Release|Any CPU.Build.0 = Release|Any CPU
		{9852E540-35C6-406A-A51A-728ECAF5B544}.Release|x64.ActiveCfg = Release|Any CPU
		{9852E540-35C6-406A-A51A-728ECAF5B544}.Release|x64.Build.0 = Release|Any CPU
		{9852E540-35C6-406A-A51A-728ECAF5B544}.Release|x86.ActiveCfg = Release|Any CPU
		{9852E540-35C6-406A-A51A-728ECAF5B544}.Release|x86.Build.0 = Release|Any CPU
		{B76DB0F5-1C90-47A9-9958-A18ABD5809F2}.Debug|Any CPU.ActiveCfg = Debug|Any CPU
		{B76DB0F5-1C90-47A9-9958-A18ABD5809F2}.Debug|Any CPU.Build.0 = Debug|Any CPU
		{B76DB0F5-1C90-47A9-9958-A18ABD5809F2}.Debug|x64.ActiveCfg = Debug|Any CPU
		{B76DB0F5-1C90-47A9-9958-A18ABD5809F2}.Debug|x64.Build.0 = Debug|Any CPU
		{B76DB0F5-1C90-47A9-9958-A18ABD5809F2}.Debug|x86.ActiveCfg = Debug|Any CPU
		{B76DB0F5-1C90-47A9-9958-A18ABD5809F2}.Debug|x86.Build.0 = Debug|Any CPU
		{B76DB0F5-1C90-47A9-9958-A18ABD5809F2}.Release|Any CPU.ActiveCfg = Release|Any CPU
		{B76DB0F5-1C90-47A9-9958-A18ABD5809F2}.Release|Any CPU.Build.0 = Release|Any CPU
		{B76DB0F5-1C90-47A9-9958-A18ABD5809F2}.Release|x64.ActiveCfg = Release|Any CPU
		{B76DB0F5-1C90-47A9-9958-A18ABD5809F2}.Release|x64.Build.0 = Release|Any CPU
		{B76DB0F5-1C90-47A9-9958-A18ABD5809F2}.Release|x86.ActiveCfg = Release|Any CPU
		{B76DB0F5-1C90-47A9-9958-A18ABD5809F2}.Release|x86.Build.0 = Release|Any CPU
	EndGlobalSection
	GlobalSection(SolutionProperties) = preSolution
		HideSolutionNode = FALSE
	EndGlobalSection
	GlobalSection(ExtensibilityGlobals) = postSolution
		SolutionGuid = {98E779B6-6F99-4254-82D9-5BE41487502E}
	EndGlobalSection
EndGlobal
